{
  "version": 4,
  "terraform_version": "1.1.0",
  "serial": 108,
  "lineage": "0bc448a0-e4a4-3409-7ee4-de8b6e7d0db4",
  "outputs": {
    "eks_cluster_certificate_authority": {
      "value": [
        {
          "data": "LS0tLS1CRUdJTiBDRVJUSUZJQ0FURS0tLS0tCk1JSUM1ekNDQWMrZ0F3SUJBZ0lCQURBTkJna3Foa2lHOXcwQkFRc0ZBREFWTVJNd0VRWURWUVFERXdwcmRXSmwKY201bGRHVnpNQjRYRFRJeE1USXhOVEF4TVRrd00xb1hEVE14TVRJeE16QXhNVGt3TTFvd0ZURVRNQkVHQTFVRQpBeE1LYTNWaVpYSnVaWFJsY3pDQ0FTSXdEUVlKS29aSWh2Y05BUUVCQlFBRGdnRVBBRENDQVFvQ2dnRUJBTVFsClNxdnRJT0I2R2ZDY2ZTOTZkYXZkSmN6UXJHbkpET2RlNjZoa0x5emd5cW9PM2tFNlk3L25qK1BwMnQvU0I5WFEKYWZheE1zRmg2MFgvbVB0TDNkNUdBSy8yWURGbW9QZ0NYdHh0bDh0NUczYUpnaWZLTG4yL0FuQUlMN3pic0ZoaApZQ1dOVCtlWWFXS0ZxOVdTNXdMS1lPN3NSbndGc2tYQWNUNjF1bW1CQ1BPUGZYb0JQUFg1cGwrb1hGWmQxbGxmCkhxb0Roa2hiRFlJc0pJT2YxRFg4RVpmR0V0SzA3REpQcFRpQzBlOHhDRWJVVUxlMTVkWmQ4b3czcWk4RjlTa00KRTFFeGFzTmdXdDlsSFpuaXdDSFd4UlhvUWNpeFBzbnBNTi9HQmFLb3ZIS2ZZY0FzT29nd1MwZUxjaXJNRVIvcwpNdDQ2UUg5RWlobkRPazF5eWg4Q0F3RUFBYU5DTUVBd0RnWURWUjBQQVFIL0JBUURBZ0trTUE4R0ExVWRFd0VCCi93UUZNQU1CQWY4d0hRWURWUjBPQkJZRUZIMXpvL0ZSRTc1c3NRYUNUaTVjQ2FYUlR5V05NQTBHQ1NxR1NJYjMKRFFFQkN3VUFBNElCQVFCYVlKNHZjWDdVNU1yaWkyZlZkTk9yUEtELzA5UUlyWXNmekVtZjlWR1F3UXR5ZjZHNQozbkErZlRhVFkrdDFqUG5jR2pzQ0VqN01MMVl6NzB3T3hoS0lPdFhFVUM4SUtvdGFhVzh5Zmcxb0V1T0x4K1RqCkxGMjJPeU1DdkNQMXQ4eDBCa3lJWlFteXA3dFBQWjdveThzN3k0ZkFjWDVsTTdmbEtNSHVZR3IzeFQzekJUSWMKb3lHRGVjeHN5TFJKNkIxNUJoYXJWWkdlZ2toR3lZSXhyZVJZckhmbmZBNUo1dWJtN05VMWk1UllnUUt3ZHpwYwpIcmNSYm93UEl5eFhuTElMZldBUTBwL09VVmlSVXRiN29NOXhTVStTOExRVGVZbkJxZDdLdWl3dnRDb0QxM2tnCk52MEg4SHlJTGlOMG5TWStpMG5PdGRtelIzWWFKSUZMM0s0agotLS0tLUVORCBDRVJUSUZJQ0FURS0tLS0tCg=="
        }
      ],
      "type": [
        "list",
        [
          "object",
          {
            "data": "string"
          }
        ]
      ]
    },
    "eks_cluster_endpoint": {
      "value": "https://D117EAF2952632CEB19BAE16FC9A1B0C.sk1.us-east-1.eks.amazonaws.com",
      "type": "string"
    },
    "lb_ip": {
      "value": "a93660318a9a446348983643906168a8-947458079.us-east-1.elb.amazonaws.com",
      "type": "string"
    }
  },
  "resources": [
    {
      "mode": "data",
      "type": "aws_availability_zones",
      "name": "available",
      "provider": "provider[\"registry.terraform.io/hashicorp/aws\"]",
      "instances": [
        {
          "schema_version": 0,
          "attributes": {
            "all_availability_zones": null,
            "exclude_names": null,
            "exclude_zone_ids": null,
            "filter": null,
            "group_names": [
              "us-east-1"
            ],
            "id": "us-east-1",
            "names": [
              "us-east-1a",
              "us-east-1b",
              "us-east-1c",
              "us-east-1d",
              "us-east-1e",
              "us-east-1f"
            ],
            "state": null,
            "zone_ids": [
              "use1-az2",
              "use1-az4",
              "use1-az6",
              "use1-az1",
              "use1-az3",
              "use1-az5"
            ]
          },
          "sensitive_attributes": []
        }
      ]
    },
    {
      "mode": "data",
      "type": "aws_eks_cluster",
      "name": "mycluster",
      "provider": "provider[\"registry.terraform.io/hashicorp/aws\"]",
      "instances": [
        {
          "schema_version": 0,
          "attributes": {
            "arn": "arn:aws:eks:us-east-1:899909392734:cluster/cluster_eks_dev",
            "certificate_authority": [
              {
                "data": "LS0tLS1CRUdJTiBDRVJUSUZJQ0FURS0tLS0tCk1JSUM1ekNDQWMrZ0F3SUJBZ0lCQURBTkJna3Foa2lHOXcwQkFRc0ZBREFWTVJNd0VRWURWUVFERXdwcmRXSmwKY201bGRHVnpNQjRYRFRJeE1USXhOVEF4TVRrd00xb1hEVE14TVRJeE16QXhNVGt3TTFvd0ZURVRNQkVHQTFVRQpBeE1LYTNWaVpYSnVaWFJsY3pDQ0FTSXdEUVlKS29aSWh2Y05BUUVCQlFBRGdnRVBBRENDQVFvQ2dnRUJBTVFsClNxdnRJT0I2R2ZDY2ZTOTZkYXZkSmN6UXJHbkpET2RlNjZoa0x5emd5cW9PM2tFNlk3L25qK1BwMnQvU0I5WFEKYWZheE1zRmg2MFgvbVB0TDNkNUdBSy8yWURGbW9QZ0NYdHh0bDh0NUczYUpnaWZLTG4yL0FuQUlMN3pic0ZoaApZQ1dOVCtlWWFXS0ZxOVdTNXdMS1lPN3NSbndGc2tYQWNUNjF1bW1CQ1BPUGZYb0JQUFg1cGwrb1hGWmQxbGxmCkhxb0Roa2hiRFlJc0pJT2YxRFg4RVpmR0V0SzA3REpQcFRpQzBlOHhDRWJVVUxlMTVkWmQ4b3czcWk4RjlTa00KRTFFeGFzTmdXdDlsSFpuaXdDSFd4UlhvUWNpeFBzbnBNTi9HQmFLb3ZIS2ZZY0FzT29nd1MwZUxjaXJNRVIvcwpNdDQ2UUg5RWlobkRPazF5eWg4Q0F3RUFBYU5DTUVBd0RnWURWUjBQQVFIL0JBUURBZ0trTUE4R0ExVWRFd0VCCi93UUZNQU1CQWY4d0hRWURWUjBPQkJZRUZIMXpvL0ZSRTc1c3NRYUNUaTVjQ2FYUlR5V05NQTBHQ1NxR1NJYjMKRFFFQkN3VUFBNElCQVFCYVlKNHZjWDdVNU1yaWkyZlZkTk9yUEtELzA5UUlyWXNmekVtZjlWR1F3UXR5ZjZHNQozbkErZlRhVFkrdDFqUG5jR2pzQ0VqN01MMVl6NzB3T3hoS0lPdFhFVUM4SUtvdGFhVzh5Zmcxb0V1T0x4K1RqCkxGMjJPeU1DdkNQMXQ4eDBCa3lJWlFteXA3dFBQWjdveThzN3k0ZkFjWDVsTTdmbEtNSHVZR3IzeFQzekJUSWMKb3lHRGVjeHN5TFJKNkIxNUJoYXJWWkdlZ2toR3lZSXhyZVJZckhmbmZBNUo1dWJtN05VMWk1UllnUUt3ZHpwYwpIcmNSYm93UEl5eFhuTElMZldBUTBwL09VVmlSVXRiN29NOXhTVStTOExRVGVZbkJxZDdLdWl3dnRDb0QxM2tnCk52MEg4SHlJTGlOMG5TWStpMG5PdGRtelIzWWFKSUZMM0s0agotLS0tLUVORCBDRVJUSUZJQ0FURS0tLS0tCg=="
              }
            ],
            "created_at": "2021-12-15 01:11:43.716 +0000 UTC",
            "enabled_cluster_log_types": [],
            "endpoint": "https://D117EAF2952632CEB19BAE16FC9A1B0C.sk1.us-east-1.eks.amazonaws.com",
            "id": "cluster_eks_dev",
            "identity": [
              {
                "oidc": [
                  {
                    "issuer": "https://oidc.eks.us-east-1.amazonaws.com/id/D117EAF2952632CEB19BAE16FC9A1B0C"
                  }
                ]
              }
            ],
            "kubernetes_network_config": [
              {
                "service_ipv4_cidr": "172.20.0.0/16"
              }
            ],
            "name": "cluster_eks_dev",
            "platform_version": "eks.4",
            "role_arn": "arn:aws:iam::899909392734:role/eks_cluster",
            "status": "ACTIVE",
            "tags": {},
            "version": "1.21",
            "vpc_config": [
              {
                "cluster_security_group_id": "sg-0312ef1f57ad2cc31",
                "endpoint_private_access": false,
                "endpoint_public_access": true,
                "public_access_cidrs": [
                  "0.0.0.0/0"
                ],
                "security_group_ids": [
                  "sg-0780d281b850f4966"
                ],
                "subnet_ids": [
                  "subnet-01387b9bf6c7da4b8",
                  "subnet-089e2a103305e0639"
                ],
                "vpc_id": "vpc-00801e023c0df0e67"
              }
            ]
          },
          "sensitive_attributes": []
        }
      ]
    },
    {
      "mode": "managed",
      "type": "aws_eks_cluster",
      "name": "eks_cluster",
      "provider": "provider[\"registry.terraform.io/hashicorp/aws\"]",
      "instances": [
        {
          "schema_version": 0,
          "attributes": {
            "arn": "arn:aws:eks:us-east-1:899909392734:cluster/cluster_eks_dev",
            "certificate_authority": [
              {
                "data": "LS0tLS1CRUdJTiBDRVJUSUZJQ0FURS0tLS0tCk1JSUM1ekNDQWMrZ0F3SUJBZ0lCQURBTkJna3Foa2lHOXcwQkFRc0ZBREFWTVJNd0VRWURWUVFERXdwcmRXSmwKY201bGRHVnpNQjRYRFRJeE1USXhOVEF4TVRrd00xb1hEVE14TVRJeE16QXhNVGt3TTFvd0ZURVRNQkVHQTFVRQpBeE1LYTNWaVpYSnVaWFJsY3pDQ0FTSXdEUVlKS29aSWh2Y05BUUVCQlFBRGdnRVBBRENDQVFvQ2dnRUJBTVFsClNxdnRJT0I2R2ZDY2ZTOTZkYXZkSmN6UXJHbkpET2RlNjZoa0x5emd5cW9PM2tFNlk3L25qK1BwMnQvU0I5WFEKYWZheE1zRmg2MFgvbVB0TDNkNUdBSy8yWURGbW9QZ0NYdHh0bDh0NUczYUpnaWZLTG4yL0FuQUlMN3pic0ZoaApZQ1dOVCtlWWFXS0ZxOVdTNXdMS1lPN3NSbndGc2tYQWNUNjF1bW1CQ1BPUGZYb0JQUFg1cGwrb1hGWmQxbGxmCkhxb0Roa2hiRFlJc0pJT2YxRFg4RVpmR0V0SzA3REpQcFRpQzBlOHhDRWJVVUxlMTVkWmQ4b3czcWk4RjlTa00KRTFFeGFzTmdXdDlsSFpuaXdDSFd4UlhvUWNpeFBzbnBNTi9HQmFLb3ZIS2ZZY0FzT29nd1MwZUxjaXJNRVIvcwpNdDQ2UUg5RWlobkRPazF5eWg4Q0F3RUFBYU5DTUVBd0RnWURWUjBQQVFIL0JBUURBZ0trTUE4R0ExVWRFd0VCCi93UUZNQU1CQWY4d0hRWURWUjBPQkJZRUZIMXpvL0ZSRTc1c3NRYUNUaTVjQ2FYUlR5V05NQTBHQ1NxR1NJYjMKRFFFQkN3VUFBNElCQVFCYVlKNHZjWDdVNU1yaWkyZlZkTk9yUEtELzA5UUlyWXNmekVtZjlWR1F3UXR5ZjZHNQozbkErZlRhVFkrdDFqUG5jR2pzQ0VqN01MMVl6NzB3T3hoS0lPdFhFVUM4SUtvdGFhVzh5Zmcxb0V1T0x4K1RqCkxGMjJPeU1DdkNQMXQ4eDBCa3lJWlFteXA3dFBQWjdveThzN3k0ZkFjWDVsTTdmbEtNSHVZR3IzeFQzekJUSWMKb3lHRGVjeHN5TFJKNkIxNUJoYXJWWkdlZ2toR3lZSXhyZVJZckhmbmZBNUo1dWJtN05VMWk1UllnUUt3ZHpwYwpIcmNSYm93UEl5eFhuTElMZldBUTBwL09VVmlSVXRiN29NOXhTVStTOExRVGVZbkJxZDdLdWl3dnRDb0QxM2tnCk52MEg4SHlJTGlOMG5TWStpMG5PdGRtelIzWWFKSUZMM0s0agotLS0tLUVORCBDRVJUSUZJQ0FURS0tLS0tCg=="
              }
            ],
            "created_at": "2021-12-15 01:11:43.716 +0000 UTC",
            "enabled_cluster_log_types": [],
            "encryption_config": [],
            "endpoint": "https://D117EAF2952632CEB19BAE16FC9A1B0C.sk1.us-east-1.eks.amazonaws.com",
            "id": "cluster_eks_dev",
            "identity": [
              {
                "oidc": [
                  {
                    "issuer": "https://oidc.eks.us-east-1.amazonaws.com/id/D117EAF2952632CEB19BAE16FC9A1B0C"
                  }
                ]
              }
            ],
            "kubernetes_network_config": [
              {
                "service_ipv4_cidr": "172.20.0.0/16"
              }
            ],
            "name": "cluster_eks_dev",
            "platform_version": "eks.4",
            "role_arn": "arn:aws:iam::899909392734:role/eks_cluster",
            "status": "ACTIVE",
            "tags": {},
            "tags_all": {},
            "timeouts": null,
            "version": "1.21",
            "vpc_config": [
              {
                "cluster_security_group_id": "sg-0312ef1f57ad2cc31",
                "endpoint_private_access": false,
                "endpoint_public_access": true,
                "public_access_cidrs": [
                  "0.0.0.0/0"
                ],
                "security_group_ids": [
                  "sg-0780d281b850f4966"
                ],
                "subnet_ids": [
                  "subnet-01387b9bf6c7da4b8",
                  "subnet-089e2a103305e0639"
                ],
                "vpc_id": "vpc-00801e023c0df0e67"
              }
            ]
          },
          "sensitive_attributes": [],
          "private": "eyJlMmJmYjczMC1lY2FhLTExZTYtOGY4OC0zNDM2M2JjN2M0YzAiOnsiY3JlYXRlIjoxODAwMDAwMDAwMDAwLCJkZWxldGUiOjkwMDAwMDAwMDAwMCwidXBkYXRlIjozNjAwMDAwMDAwMDAwfX0=",
          "dependencies": [
            "aws_iam_role_policy_attachment.eks_cluster-AmazonEKSServicePolicy",
            "aws_security_group.eks-cluster",
            "aws_subnet.subnet-pub",
            "aws_vpc.eks-vpc",
            "data.aws_availability_zones.available",
            "aws_iam_role.eks_cluster",
            "aws_iam_role_policy_attachment.eks_cluster-AmazonEKSClusterPolicy"
          ]
        }
      ]
    },
    {
      "mode": "managed",
      "type": "aws_eks_node_group",
      "name": "eks_node",
      "provider": "provider[\"registry.terraform.io/hashicorp/aws\"]",
      "instances": [
        {
          "schema_version": 0,
          "attributes": {
            "ami_type": "AL2_x86_64",
            "arn": "arn:aws:eks:us-east-1:899909392734:nodegroup/cluster_eks_dev/eks_node/0ebeddd8-559e-31b9-866d-4c57ad46f10f",
            "capacity_type": "ON_DEMAND",
            "cluster_name": "cluster_eks_dev",
            "disk_size": 20,
            "force_update_version": null,
            "id": "cluster_eks_dev:eks_node",
            "instance_types": [
              "t3.medium"
            ],
            "labels": {},
            "launch_template": [],
            "node_group_name": "eks_node",
            "node_group_name_prefix": "",
            "node_role_arn": "arn:aws:iam::899909392734:role/eks_node",
            "release_version": "1.21.5-20211206",
            "remote_access": [],
            "resources": [
              {
                "autoscaling_groups": [
                  {
                    "name": "eks-eks_node-0ebeddd8-559e-31b9-866d-4c57ad46f10f"
                  }
                ],
                "remote_access_security_group_id": ""
              }
            ],
            "scaling_config": [
              {
                "desired_size": 1,
                "max_size": 1,
                "min_size": 1
              }
            ],
            "status": "ACTIVE",
            "subnet_ids": [
              "subnet-01387b9bf6c7da4b8",
              "subnet-089e2a103305e0639"
            ],
            "tags": {},
            "tags_all": {},
            "taint": [],
            "timeouts": null,
            "update_config": [
              {
                "max_unavailable": 1,
                "max_unavailable_percentage": 0
              }
            ],
            "version": "1.21"
          },
          "sensitive_attributes": [],
          "private": "eyJlMmJmYjczMC1lY2FhLTExZTYtOGY4OC0zNDM2M2JjN2M0YzAiOnsiY3JlYXRlIjozNjAwMDAwMDAwMDAwLCJkZWxldGUiOjM2MDAwMDAwMDAwMDAsInVwZGF0ZSI6MzYwMDAwMDAwMDAwMH19",
          "dependencies": [
            "aws_iam_role_policy_attachment.eks_cluster-AmazonEKSServicePolicy",
            "aws_subnet.subnet-pub",
            "aws_iam_role_policy_attachment.eks_node-AmazonEKS_CNI_Policy",
            "aws_security_group.eks-cluster",
            "aws_eks_cluster.eks_cluster",
            "aws_iam_role.eks_cluster",
            "aws_iam_role.eks_node",
            "aws_iam_role_policy_attachment.eks_cluster-AmazonEKSClusterPolicy",
            "aws_iam_role_policy_attachment.eks_node-AmazonEC2ContainerRegistryReadOnly",
            "aws_iam_role_policy_attachment.eks_node-AmazonEKSWorkerNodePolicy",
            "aws_vpc.eks-vpc",
            "data.aws_availability_zones.available"
          ]
        }
      ]
    },
    {
      "mode": "managed",
      "type": "aws_iam_role",
      "name": "eks_cluster",
      "provider": "provider[\"registry.terraform.io/hashicorp/aws\"]",
      "instances": [
        {
          "schema_version": 0,
          "attributes": {
            "arn": "arn:aws:iam::899909392734:role/eks_cluster",
            "assume_role_policy": "{\"Version\":\"2012-10-17\",\"Statement\":[{\"Effect\":\"Allow\",\"Principal\":{\"Service\":\"eks.amazonaws.com\"},\"Action\":\"sts:AssumeRole\"}]}",
            "create_date": "2021-12-15T01:11:29Z",
            "description": "",
            "force_detach_policies": false,
            "id": "eks_cluster",
            "inline_policy": [
              {
                "name": "",
                "policy": ""
              }
            ],
            "managed_policy_arns": [
              "arn:aws:iam::aws:policy/AmazonEKSClusterPolicy",
              "arn:aws:iam::aws:policy/AmazonEKSServicePolicy"
            ],
            "max_session_duration": 3600,
            "name": "eks_cluster",
            "name_prefix": "",
            "path": "/",
            "permissions_boundary": null,
            "tags": {
              "Product": "eks_cluster",
              "Team": "Time_1"
            },
            "tags_all": {
              "Product": "eks_cluster",
              "Team": "Time_1"
            },
            "unique_id": "AROA5DBWHTFPG3RLBXSUC"
          },
          "sensitive_attributes": [],
          "private": "bnVsbA=="
        }
      ]
    },
    {
      "mode": "managed",
      "type": "aws_iam_role",
      "name": "eks_node",
      "provider": "provider[\"registry.terraform.io/hashicorp/aws\"]",
      "instances": [
        {
          "schema_version": 0,
          "attributes": {
            "arn": "arn:aws:iam::899909392734:role/eks_node",
            "assume_role_policy": "{\"Version\":\"2012-10-17\",\"Statement\":[{\"Effect\":\"Allow\",\"Principal\":{\"Service\":\"ec2.amazonaws.com\"},\"Action\":\"sts:AssumeRole\"}]}",
            "create_date": "2021-12-15T01:11:29Z",
            "description": "",
            "force_detach_policies": false,
            "id": "eks_node",
            "inline_policy": [
              {
                "name": "",
                "policy": ""
              }
            ],
            "managed_policy_arns": [
              "arn:aws:iam::aws:policy/AmazonEC2ContainerRegistryReadOnly",
              "arn:aws:iam::aws:policy/AmazonEKSWorkerNodePolicy",
              "arn:aws:iam::aws:policy/AmazonEKS_CNI_Policy"
            ],
            "max_session_duration": 3600,
            "name": "eks_node",
            "name_prefix": "",
            "path": "/",
            "permissions_boundary": null,
            "tags": {
              "Product": "eks_cluster",
              "Team": "Time_1"
            },
            "tags_all": {
              "Product": "eks_cluster",
              "Team": "Time_1"
            },
            "unique_id": "AROA5DBWHTFPEE3JRWHVV"
          },
          "sensitive_attributes": [],
          "private": "bnVsbA=="
        }
      ]
    },
    {
      "mode": "managed",
      "type": "aws_iam_role_policy_attachment",
      "name": "eks_cluster-AmazonEKSClusterPolicy",
      "provider": "provider[\"registry.terraform.io/hashicorp/aws\"]",
      "instances": [
        {
          "schema_version": 0,
          "attributes": {
            "id": "eks_cluster-20211215011129741200000004",
            "policy_arn": "arn:aws:iam::aws:policy/AmazonEKSClusterPolicy",
            "role": "eks_cluster"
          },
          "sensitive_attributes": [],
          "private": "bnVsbA==",
          "dependencies": [
            "aws_iam_role.eks_cluster"
          ]
        }
      ]
    },
    {
      "mode": "managed",
      "type": "aws_iam_role_policy_attachment",
      "name": "eks_cluster-AmazonEKSServicePolicy",
      "provider": "provider[\"registry.terraform.io/hashicorp/aws\"]",
      "instances": [
        {
          "schema_version": 0,
          "attributes": {
            "id": "eks_cluster-20211215011129739000000002",
            "policy_arn": "arn:aws:iam::aws:policy/AmazonEKSServicePolicy",
            "role": "eks_cluster"
          },
          "sensitive_attributes": [],
          "private": "bnVsbA==",
          "dependencies": [
            "aws_iam_role.eks_cluster"
          ]
        }
      ]
    },
    {
      "mode": "managed",
      "type": "aws_iam_role_policy_attachment",
      "name": "eks_node-AmazonEC2ContainerRegistryReadOnly",
      "provider": "provider[\"registry.terraform.io/hashicorp/aws\"]",
      "instances": [
        {
          "schema_version": 0,
          "attributes": {
            "id": "eks_node-20211215011129771800000005",
            "policy_arn": "arn:aws:iam::aws:policy/AmazonEC2ContainerRegistryReadOnly",
            "role": "eks_node"
          },
          "sensitive_attributes": [],
          "private": "bnVsbA==",
          "dependencies": [
            "aws_iam_role.eks_node"
          ]
        }
      ]
    },
    {
      "mode": "managed",
      "type": "aws_iam_role_policy_attachment",
      "name": "eks_node-AmazonEKSWorkerNodePolicy",
      "provider": "provider[\"registry.terraform.io/hashicorp/aws\"]",
      "instances": [
        {
          "schema_version": 0,
          "attributes": {
            "id": "eks_node-20211215011129735600000001",
            "policy_arn": "arn:aws:iam::aws:policy/AmazonEKSWorkerNodePolicy",
            "role": "eks_node"
          },
          "sensitive_attributes": [],
          "private": "bnVsbA==",
          "dependencies": [
            "aws_iam_role.eks_node"
          ]
        }
      ]
    },
    {
      "mode": "managed",
      "type": "aws_iam_role_policy_attachment",
      "name": "eks_node-AmazonEKS_CNI_Policy",
      "provider": "provider[\"registry.terraform.io/hashicorp/aws\"]",
      "instances": [
        {
          "schema_version": 0,
          "attributes": {
            "id": "eks_node-20211215011129739600000003",
            "policy_arn": "arn:aws:iam::aws:policy/AmazonEKS_CNI_Policy",
            "role": "eks_node"
          },
          "sensitive_attributes": [],
          "private": "bnVsbA==",
          "dependencies": [
            "aws_iam_role.eks_node"
          ]
        }
      ]
    },
    {
      "mode": "managed",
      "type": "aws_internet_gateway",
      "name": "internet_gateway",
      "provider": "provider[\"registry.terraform.io/hashicorp/aws\"]",
      "instances": [
        {
          "schema_version": 0,
          "attributes": {
            "arn": "arn:aws:ec2:us-east-1:899909392734:internet-gateway/igw-0860b69516efeaea7",
            "id": "igw-0860b69516efeaea7",
            "owner_id": "899909392734",
            "tags": {
              "Product": "eks_cluster",
              "Team": "Time_1"
            },
            "tags_all": {
              "Product": "eks_cluster",
              "Team": "Time_1"
            },
            "vpc_id": "vpc-00801e023c0df0e67"
          },
          "sensitive_attributes": [],
          "private": "bnVsbA==",
          "dependencies": [
            "aws_vpc.eks-vpc"
          ]
        }
      ]
    },
    {
      "mode": "managed",
      "type": "aws_route_table",
      "name": "route_table",
      "provider": "provider[\"registry.terraform.io/hashicorp/aws\"]",
      "instances": [
        {
          "schema_version": 0,
          "attributes": {
            "arn": "arn:aws:ec2:us-east-1:899909392734:route-table/rtb-0d302026dae70eb03",
            "id": "rtb-0d302026dae70eb03",
            "owner_id": "899909392734",
            "propagating_vgws": [],
            "route": [
              {
                "carrier_gateway_id": "",
                "cidr_block": "0.0.0.0/0",
                "destination_prefix_list_id": "",
                "egress_only_gateway_id": "",
                "gateway_id": "igw-0860b69516efeaea7",
                "instance_id": "",
                "ipv6_cidr_block": "",
                "local_gateway_id": "",
                "nat_gateway_id": "",
                "network_interface_id": "",
                "transit_gateway_id": "",
                "vpc_endpoint_id": "",
                "vpc_peering_connection_id": ""
              }
            ],
            "tags": {
              "Product": "eks_cluster",
              "Team": "Time_1"
            },
            "tags_all": {
              "Product": "eks_cluster",
              "Team": "Time_1"
            },
            "timeouts": null,
            "vpc_id": "vpc-00801e023c0df0e67"
          },
          "sensitive_attributes": [],
          "private": "eyJlMmJmYjczMC1lY2FhLTExZTYtOGY4OC0zNDM2M2JjN2M0YzAiOnsiY3JlYXRlIjoxMjAwMDAwMDAwMDAsImRlbGV0ZSI6MzAwMDAwMDAwMDAwLCJ1cGRhdGUiOjEyMDAwMDAwMDAwMH19",
          "dependencies": [
            "aws_internet_gateway.internet_gateway",
            "aws_vpc.eks-vpc"
          ]
        }
      ]
    },
    {
      "mode": "managed",
      "type": "aws_route_table_association",
      "name": "rt_assoc_sub",
      "provider": "provider[\"registry.terraform.io/hashicorp/aws\"]",
      "instances": [
        {
          "index_key": 0,
          "schema_version": 0,
          "attributes": {
            "gateway_id": "",
            "id": "rtbassoc-067ef5ad12f806ad7",
            "route_table_id": "rtb-0d302026dae70eb03",
            "subnet_id": "subnet-01387b9bf6c7da4b8"
          },
          "sensitive_attributes": [],
          "private": "bnVsbA==",
          "dependencies": [
            "data.aws_availability_zones.available",
            "aws_internet_gateway.internet_gateway",
            "aws_route_table.route_table",
            "aws_subnet.subnet-pub",
            "aws_vpc.eks-vpc"
          ]
        },
        {
          "index_key": 1,
          "schema_version": 0,
          "attributes": {
            "gateway_id": "",
            "id": "rtbassoc-04026d401e15c9e9f",
            "route_table_id": "rtb-0d302026dae70eb03",
            "subnet_id": "subnet-089e2a103305e0639"
          },
          "sensitive_attributes": [],
          "private": "bnVsbA==",
          "dependencies": [
            "aws_route_table.route_table",
            "aws_subnet.subnet-pub",
            "aws_vpc.eks-vpc",
            "data.aws_availability_zones.available",
            "aws_internet_gateway.internet_gateway"
          ]
        }
      ]
    },
    {
      "mode": "managed",
      "type": "aws_security_group",
      "name": "eks-cluster",
      "provider": "provider[\"registry.terraform.io/hashicorp/aws\"]",
      "instances": [
        {
          "schema_version": 1,
          "attributes": {
            "arn": "arn:aws:ec2:us-east-1:899909392734:security-group/sg-0780d281b850f4966",
            "description": "Managed by Terraform",
            "egress": [
              {
                "cidr_blocks": [
                  "0.0.0.0/0"
                ],
                "description": "",
                "from_port": 0,
                "ipv6_cidr_blocks": [],
                "prefix_list_ids": [],
                "protocol": "-1",
                "security_groups": [],
                "self": false,
                "to_port": 0
              }
            ],
            "id": "sg-0780d281b850f4966",
            "ingress": [
              {
                "cidr_blocks": [
                  "0.0.0.0/0"
                ],
                "description": "",
                "from_port": 443,
                "ipv6_cidr_blocks": [],
                "prefix_list_ids": [],
                "protocol": "tcp",
                "security_groups": [],
                "self": false,
                "to_port": 443
              },
              {
                "cidr_blocks": [
                  "0.0.0.0/0"
                ],
                "description": "",
                "from_port": 80,
                "ipv6_cidr_blocks": [],
                "prefix_list_ids": [],
                "protocol": "tcp",
                "security_groups": [],
                "self": false,
                "to_port": 80
              }
            ],
            "name": "eks-secgroup-eks_dev",
            "name_prefix": "",
            "owner_id": "899909392734",
            "revoke_rules_on_delete": false,
            "tags": {
              "Product": "eks_cluster",
              "Team": "Time_1"
            },
            "tags_all": {
              "Product": "eks_cluster",
              "Team": "Time_1"
            },
            "timeouts": null,
            "vpc_id": "vpc-00801e023c0df0e67"
          },
          "sensitive_attributes": [],
          "private": "eyJlMmJmYjczMC1lY2FhLTExZTYtOGY4OC0zNDM2M2JjN2M0YzAiOnsiY3JlYXRlIjo2MDAwMDAwMDAwMDAsImRlbGV0ZSI6OTAwMDAwMDAwMDAwfSwic2NoZW1hX3ZlcnNpb24iOiIxIn0=",
          "dependencies": [
            "aws_vpc.eks-vpc"
          ]
        }
      ]
    },
    {
      "mode": "managed",
      "type": "aws_subnet",
      "name": "subnet-pub",
      "provider": "provider[\"registry.terraform.io/hashicorp/aws\"]",
      "instances": [
        {
          "index_key": 0,
          "schema_version": 1,
          "attributes": {
            "arn": "arn:aws:ec2:us-east-1:899909392734:subnet/subnet-01387b9bf6c7da4b8",
            "assign_ipv6_address_on_creation": false,
            "availability_zone": "us-east-1a",
            "availability_zone_id": "use1-az2",
            "cidr_block": "10.0.0.0/24",
            "customer_owned_ipv4_pool": "",
            "id": "subnet-01387b9bf6c7da4b8",
            "ipv6_cidr_block": "",
            "ipv6_cidr_block_association_id": "",
            "map_customer_owned_ip_on_launch": false,
            "map_public_ip_on_launch": true,
            "outpost_arn": "",
            "owner_id": "899909392734",
            "tags": {
              "Product": "eks_cluster",
              "Team": "Time_1"
            },
            "tags_all": {
              "Product": "eks_cluster",
              "Team": "Time_1"
            },
            "timeouts": null,
            "vpc_id": "vpc-00801e023c0df0e67"
          },
          "sensitive_attributes": [],
          "private": "eyJlMmJmYjczMC1lY2FhLTExZTYtOGY4OC0zNDM2M2JjN2M0YzAiOnsiY3JlYXRlIjo2MDAwMDAwMDAwMDAsImRlbGV0ZSI6MTIwMDAwMDAwMDAwMH0sInNjaGVtYV92ZXJzaW9uIjoiMSJ9",
          "dependencies": [
            "aws_vpc.eks-vpc",
            "data.aws_availability_zones.available"
          ]
        },
        {
          "index_key": 1,
          "schema_version": 1,
          "attributes": {
            "arn": "arn:aws:ec2:us-east-1:899909392734:subnet/subnet-089e2a103305e0639",
            "assign_ipv6_address_on_creation": false,
            "availability_zone": "us-east-1b",
            "availability_zone_id": "use1-az4",
            "cidr_block": "10.0.1.0/24",
            "customer_owned_ipv4_pool": "",
            "id": "subnet-089e2a103305e0639",
            "ipv6_cidr_block": "",
            "ipv6_cidr_block_association_id": "",
            "map_customer_owned_ip_on_launch": false,
            "map_public_ip_on_launch": true,
            "outpost_arn": "",
            "owner_id": "899909392734",
            "tags": {
              "Product": "eks_cluster",
              "Team": "Time_1"
            },
            "tags_all": {
              "Product": "eks_cluster",
              "Team": "Time_1"
            },
            "timeouts": null,
            "vpc_id": "vpc-00801e023c0df0e67"
          },
          "sensitive_attributes": [],
          "private": "eyJlMmJmYjczMC1lY2FhLTExZTYtOGY4OC0zNDM2M2JjN2M0YzAiOnsiY3JlYXRlIjo2MDAwMDAwMDAwMDAsImRlbGV0ZSI6MTIwMDAwMDAwMDAwMH0sInNjaGVtYV92ZXJzaW9uIjoiMSJ9",
          "dependencies": [
            "aws_vpc.eks-vpc",
            "data.aws_availability_zones.available"
          ]
        }
      ]
    },
    {
      "mode": "managed",
      "type": "aws_vpc",
      "name": "eks-vpc",
      "provider": "provider[\"registry.terraform.io/hashicorp/aws\"]",
      "instances": [
        {
          "schema_version": 1,
          "attributes": {
            "arn": "arn:aws:ec2:us-east-1:899909392734:vpc/vpc-00801e023c0df0e67",
            "assign_generated_ipv6_cidr_block": false,
            "cidr_block": "10.0.0.0/16",
            "default_network_acl_id": "acl-0fe456a833f48ba55",
            "default_route_table_id": "rtb-0d704515838342b54",
            "default_security_group_id": "sg-0c0f7a3f2bf8e6497",
            "dhcp_options_id": "dopt-0d9875ffadb739f78",
            "enable_classiclink": false,
            "enable_classiclink_dns_support": false,
            "enable_dns_hostnames": false,
            "enable_dns_support": true,
            "id": "vpc-00801e023c0df0e67",
            "instance_tenancy": "default",
            "ipv4_ipam_pool_id": null,
            "ipv4_netmask_length": null,
            "ipv6_association_id": "",
            "ipv6_cidr_block": "",
            "ipv6_ipam_pool_id": null,
            "ipv6_netmask_length": null,
            "main_route_table_id": "rtb-0d704515838342b54",
            "owner_id": "899909392734",
            "tags": {
              "Product": "eks_cluster",
              "Team": "Time_1"
            },
            "tags_all": {
              "Product": "eks_cluster",
              "Team": "Time_1"
            }
          },
          "sensitive_attributes": [],
          "private": "eyJzY2hlbWFfdmVyc2lvbiI6IjEifQ=="
        }
      ]
    },
    {
      "mode": "managed",
      "type": "kubernetes_deployment",
      "name": "nginx",
      "provider": "provider[\"registry.terraform.io/hashicorp/kubernetes\"]",
      "instances": [
        {
          "schema_version": 1,
          "attributes": {
            "id": "default/scalable-nginx-example",
            "metadata": [
              {
                "annotations": {},
                "generate_name": "",
                "generation": 1,
                "labels": {
                  "App": "ScalableNginxExample"
                },
                "name": "scalable-nginx-example",
                "namespace": "default",
                "resource_version": "1411",
                "uid": "54c07126-59dd-46c8-9341-b38ee133a187"
              }
            ],
            "spec": [
              {
                "min_ready_seconds": 0,
                "paused": false,
                "progress_deadline_seconds": 600,
                "replicas": "3",
                "revision_history_limit": 10,
                "selector": [
                  {
                    "match_expressions": [],
                    "match_labels": {
                      "App": "ScalableNginxExample"
                    }
                  }
                ],
                "strategy": [
                  {
                    "rolling_update": [
                      {
                        "max_surge": "25%",
                        "max_unavailable": "25%"
                      }
                    ],
                    "type": "RollingUpdate"
                  }
                ],
                "template": [
                  {
                    "metadata": [
                      {
                        "annotations": {},
                        "generate_name": "",
                        "generation": 0,
                        "labels": {
                          "App": "ScalableNginxExample"
                        },
                        "name": "",
                        "namespace": "",
                        "resource_version": "",
                        "uid": ""
                      }
                    ],
                    "spec": [
                      {
                        "active_deadline_seconds": 0,
                        "affinity": [],
                        "automount_service_account_token": true,
                        "container": [
                          {
                            "args": [],
                            "command": [],
                            "env": [],
                            "env_from": [],
                            "image": "nginx:1.7.8",
                            "image_pull_policy": "IfNotPresent",
                            "lifecycle": [],
                            "liveness_probe": [],
                            "name": "example",
                            "port": [
                              {
                                "container_port": 80,
                                "host_ip": "",
                                "host_port": 0,
                                "name": "",
                                "protocol": "TCP"
                              }
                            ],
                            "readiness_probe": [],
                            "resources": [
                              {
                                "limits": {
                                  "cpu": "500m",
                                  "memory": "512Mi"
                                },
                                "requests": {
                                  "cpu": "250m",
                                  "memory": "50Mi"
                                }
                              }
                            ],
                            "security_context": [],
                            "startup_probe": [],
                            "stdin": false,
                            "stdin_once": false,
                            "termination_message_path": "/dev/termination-log",
                            "termination_message_policy": "File",
                            "tty": false,
                            "volume_mount": [],
                            "working_dir": ""
                          }
                        ],
                        "dns_config": [],
                        "dns_policy": "ClusterFirst",
                        "enable_service_links": true,
                        "host_aliases": [],
                        "host_ipc": false,
                        "host_network": false,
                        "host_pid": false,
                        "hostname": "",
                        "image_pull_secrets": [],
                        "init_container": [],
                        "node_name": "",
                        "node_selector": {},
                        "priority_class_name": "",
                        "readiness_gate": [],
                        "restart_policy": "Always",
                        "security_context": [],
                        "service_account_name": "",
                        "share_process_namespace": false,
                        "subdomain": "",
                        "termination_grace_period_seconds": 30,
                        "toleration": [],
                        "topology_spread_constraint": [],
                        "volume": []
                      }
                    ]
                  }
                ]
              }
            ],
            "timeouts": null,
            "wait_for_rollout": true
          },
          "sensitive_attributes": [],
          "private": "eyJlMmJmYjczMC1lY2FhLTExZTYtOGY4OC0zNDM2M2JjN2M0YzAiOnsiY3JlYXRlIjo2MDAwMDAwMDAwMDAsImRlbGV0ZSI6NjAwMDAwMDAwMDAwLCJ1cGRhdGUiOjYwMDAwMDAwMDAwMH0sInNjaGVtYV92ZXJzaW9uIjoiMSJ9",
          "dependencies": [
            "aws_iam_role_policy_attachment.eks_cluster-AmazonEKSClusterPolicy",
            "aws_iam_role_policy_attachment.eks_cluster-AmazonEKSServicePolicy",
            "aws_subnet.subnet-pub",
            "data.aws_availability_zones.available",
            "aws_eks_cluster.eks_cluster",
            "aws_iam_role.eks_cluster",
            "aws_security_group.eks-cluster",
            "aws_vpc.eks-vpc",
            "data.aws_eks_cluster.mycluster"
          ]
        }
      ]
    },
    {
      "mode": "managed",
      "type": "kubernetes_service",
      "name": "nginx",
      "provider": "provider[\"registry.terraform.io/hashicorp/kubernetes\"]",
      "instances": [
        {
          "schema_version": 1,
          "attributes": {
            "id": "default/nginx-example",
            "metadata": [
              {
                "annotations": {},
                "generate_name": "",
                "generation": 0,
                "labels": {},
                "name": "nginx-example",
                "namespace": "default",
                "resource_version": "1443",
                "uid": "93660318-a9a4-4634-8983-643906168a84"
              }
            ],
            "spec": [
              {
                "cluster_ip": "172.20.130.66",
                "external_ips": [],
                "external_name": "",
                "external_traffic_policy": "Cluster",
                "health_check_node_port": 0,
                "load_balancer_ip": "",
                "load_balancer_source_ranges": [],
                "port": [
                  {
                    "name": "",
                    "node_port": 32175,
                    "port": 80,
                    "protocol": "TCP",
                    "target_port": "80"
                  },
                  {
                    "name": "",
                    "node_port": 0,
                    "port": 443,
                    "protocol": "TCP",
                    "target_port": "80"
                  }
                ],
                "publish_not_ready_addresses": false,
                "selector": {
                  "App": "ScalableNginxExample"
                },
                "session_affinity": "None",
                "type": "LoadBalancer"
              }
            ],
            "status": [
              {
                "load_balancer": [
                  {
                    "ingress": [
                      {
                        "hostname": "a93660318a9a446348983643906168a8-947458079.us-east-1.elb.amazonaws.com",
                        "ip": ""
                      }
                    ]
                  }
                ]
              }
            ],
            "timeouts": null,
            "wait_for_load_balancer": true
          },
          "sensitive_attributes": [],
          "private": "eyJlMmJmYjczMC1lY2FhLTExZTYtOGY4OC0zNDM2M2JjN2M0YzAiOnsiY3JlYXRlIjo2MDAwMDAwMDAwMDB9LCJzY2hlbWFfdmVyc2lvbiI6IjEifQ==",
          "dependencies": [
            "data.aws_eks_cluster.mycluster",
            "kubernetes_deployment.nginx"
          ]
        }
      ]
    }
  ]
}
